
Microsoft Visual Studio Solution File, Format Version 12.00
# Visual Studio 14
VisualStudioVersion = 14.0.24720.0
MinimumVisualStudioVersion = 10.0.40219.1
Project("{FAE04EC0-301F-11D3-BF4B-00C04F79EFBC}") = "OpenCVImageMatch", "OpenCVImageMatch\OpenCVImageMatch.csproj", "{CCB61CE5-E4F9-419B-843D-16F4F90DB26D}"
EndProject
Project("{FAE04EC0-301F-11D3-BF4B-00C04F79EFBC}") = "TestConsoleApp", "TestConsoleApp\TestConsoleApp.csproj", "{1FEF6C5E-8553-4F62-8687-7A1927801A62}"
EndProject
Project("{FAE04EC0-301F-11D3-BF4B-00C04F79EFBC}") = "ImageMatchHost", "ImageMatchHost\ImageMatchHost.csproj", "{7A7BB626-70BD-4A18-8B0C-F68D58E56725}"
EndProject
Global
	GlobalSection(SolutionConfigurationPlatforms) = preSolution
		Debug|Any CPU = Debug|Any CPU
		Release|Any CPU = Release|Any CPU
	EndGlobalSection
	GlobalSection(ProjectConfigurationPlatforms) = postSolution
		{CCB61CE5-E4F9-419B-843D-16F4F90DB26D}.Debug|Any CPU.ActiveCfg = Debug|Any CPU
		{CCB61CE5-E4F9-419B-843D-16F4F90DB26D}.Debug|Any CPU.Build.0 = Debug|Any CPU
		{CCB61CE5-E4F9-419B-843D-16F4F90DB26D}.Release|Any CPU.ActiveCfg = Release|Any CPU
		{CCB61CE5-E4F9-419B-843D-16F4F90DB26D}.Release|Any CPU.Build.0 = Release|Any CPU
		{1FEF6C5E-8553-4F62-8687-7A1927801A62}.Debug|Any CPU.ActiveCfg = Debug|Any CPU
		{1FEF6C5E-8553-4F62-8687-7A1927801A62}.Debug|Any CPU.Build.0 = Debug|Any CPU
		{1FEF6C5E-8553-4F62-8687-7A1927801A62}.Release|Any CPU.ActiveCfg = Release|Any CPU
		{1FEF6C5E-8553-4F62-8687-7A1927801A62}.Release|Any CPU.Build.0 = Release|Any CPU
		{7A7BB626-70BD-4A18-8B0C-F68D58E56725}.Debug|Any CPU.ActiveCfg = Debug|Any CPU
		{7A7BB626-70BD-4A18-8B0C-F68D58E56725}.Debug|Any CPU.Build.0 = Debug|Any CPU
		{7A7BB626-70BD-4A18-8B0C-F68D58E56725}.Release|Any CPU.ActiveCfg = Release|Any CPU
		{7A7BB626-70BD-4A18-8B0C-F68D58E56725}.Release|Any CPU.Build.0 = Release|Any CPU
	EndGlobalSection
	GlobalSection(SolutionProperties) = preSolution
		HideSolutionNode = FALSE
	EndGlobalSection
EndGlobal
