
Microsoft Visual Studio Solution File, Format Version 12.00
# Visual Studio 14
VisualStudioVersion = 14.0.24720.0
MinimumVisualStudioVersion = 10.0.40219.1
Project("{2150E333-8FDC-42A3-9474-1A3956D46DE8}") = "Core", "Core", "{855938D2-A677-434C-942B-572E471D9B74}"
EndProject
Project("{2150E333-8FDC-42A3-9474-1A3956D46DE8}") = "Data", "Data", "{E9CF3830-071B-45AF-95B9-269323BA4232}"
EndProject
Project("{2150E333-8FDC-42A3-9474-1A3956D46DE8}") = "Entities", "Entities", "{CF2C6BFD-F98B-437E-A3F4-4D9E1B2A8E7A}"
EndProject
Project("{2150E333-8FDC-42A3-9474-1A3956D46DE8}") = "Api", "Api", "{841FD8AF-1C93-4294-A4F3-BC1770CC89C3}"
EndProject
Project("{FAE04EC0-301F-11D3-BF4B-00C04F79EFBC}") = "TM.Trumedicine.Core", "TM.Trumedicine.Core\TM.Trumedicine.Core.csproj", "{D12B3666-EEDA-4494-9F36-4ABE7CD109B3}"
EndProject
Project("{FAE04EC0-301F-11D3-BF4B-00C04F79EFBC}") = "TM.Trumedicine.Data", "TM.Trumedicine.Data\TM.Trumedicine.Data.csproj", "{87AA6641-F329-411F-A211-F3AE8138AD42}"
EndProject
Project("{FAE04EC0-301F-11D3-BF4B-00C04F79EFBC}") = "TM.Trumedicine.Services", "TM.Trumedicine.Services\TM.Trumedicine.Services.csproj", "{A9D00E10-1C8C-42C4-93F9-DBC59153F866}"
EndProject
Project("{FAE04EC0-301F-11D3-BF4B-00C04F79EFBC}") = "TM.Trumedicine.Entities", "TM.Trumedicine.Entities\TM.Trumedicine.Entities.csproj", "{8B07182D-0543-4843-A651-2D0748055FE1}"
EndProject
Project("{FAE04EC0-301F-11D3-BF4B-00C04F79EFBC}") = "TM.Trumedicine.ViewModels", "TM.Trumedicine.ViewModels\TM.Trumedicine.ViewModels.csproj", "{B685C17C-753D-4B59-9663-7A9E4AF35313}"
EndProject
Project("{FAE04EC0-301F-11D3-BF4B-00C04F79EFBC}") = "TM.Trumedicine.Infrastructure", "TM.Trumedicine.Infrastructure\TM.Trumedicine.Infrastructure.csproj", "{A3685D8A-6B0C-44C9-A1E7-D35578B9833B}"
EndProject
Project("{FAE04EC0-301F-11D3-BF4B-00C04F79EFBC}") = "TM.Trumedicine.Api", "TM.Trumedicine.Api\TM.Trumedicine.Api.csproj", "{FC341959-97CB-4263-BECA-60C6472C87F7}"
EndProject
Project("{2150E333-8FDC-42A3-9474-1A3956D46DE8}") = "OpenCV", "OpenCV", "{8479ACC0-7836-48F3-A17A-0925FCA652A2}"
EndProject
Project("{FAE04EC0-301F-11D3-BF4B-00C04F79EFBC}") = "ImageMatchHost", "OpenCVImageMatch\ImageMatchHost\ImageMatchHost.csproj", "{7A7BB626-70BD-4A18-8B0C-F68D58E56725}"
EndProject
Project("{FAE04EC0-301F-11D3-BF4B-00C04F79EFBC}") = "OpenCVImageMatch", "OpenCVImageMatch\OpenCVImageMatch\OpenCVImageMatch.csproj", "{CCB61CE5-E4F9-419B-843D-16F4F90DB26D}"
EndProject
Project("{FAE04EC0-301F-11D3-BF4B-00C04F79EFBC}") = "TestConsoleApp", "OpenCVImageMatch\TestConsoleApp\TestConsoleApp.csproj", "{1FEF6C5E-8553-4F62-8687-7A1927801A62}"
EndProject
Global
	GlobalSection(SolutionConfigurationPlatforms) = preSolution
		Debug|Any CPU = Debug|Any CPU
		Release|Any CPU = Release|Any CPU
	EndGlobalSection
	GlobalSection(ProjectConfigurationPlatforms) = postSolution
		{D12B3666-EEDA-4494-9F36-4ABE7CD109B3}.Debug|Any CPU.ActiveCfg = Debug|Any CPU
		{D12B3666-EEDA-4494-9F36-4ABE7CD109B3}.Debug|Any CPU.Build.0 = Debug|Any CPU
		{D12B3666-EEDA-4494-9F36-4ABE7CD109B3}.Release|Any CPU.ActiveCfg = Release|Any CPU
		{D12B3666-EEDA-4494-9F36-4ABE7CD109B3}.Release|Any CPU.Build.0 = Release|Any CPU
		{87AA6641-F329-411F-A211-F3AE8138AD42}.Debug|Any CPU.ActiveCfg = Debug|Any CPU
		{87AA6641-F329-411F-A211-F3AE8138AD42}.Debug|Any CPU.Build.0 = Debug|Any CPU
		{87AA6641-F329-411F-A211-F3AE8138AD42}.Release|Any CPU.ActiveCfg = Release|Any CPU
		{87AA6641-F329-411F-A211-F3AE8138AD42}.Release|Any CPU.Build.0 = Release|Any CPU
		{A9D00E10-1C8C-42C4-93F9-DBC59153F866}.Debug|Any CPU.ActiveCfg = Debug|Any CPU
		{A9D00E10-1C8C-42C4-93F9-DBC59153F866}.Debug|Any CPU.Build.0 = Debug|Any CPU
		{A9D00E10-1C8C-42C4-93F9-DBC59153F866}.Release|Any CPU.ActiveCfg = Release|Any CPU
		{A9D00E10-1C8C-42C4-93F9-DBC59153F866}.Release|Any CPU.Build.0 = Release|Any CPU
		{8B07182D-0543-4843-A651-2D0748055FE1}.Debug|Any CPU.ActiveCfg = Debug|Any CPU
		{8B07182D-0543-4843-A651-2D0748055FE1}.Debug|Any CPU.Build.0 = Debug|Any CPU
		{8B07182D-0543-4843-A651-2D0748055FE1}.Release|Any CPU.ActiveCfg = Release|Any CPU
		{8B07182D-0543-4843-A651-2D0748055FE1}.Release|Any CPU.Build.0 = Release|Any CPU
		{B685C17C-753D-4B59-9663-7A9E4AF35313}.Debug|Any CPU.ActiveCfg = Debug|Any CPU
		{B685C17C-753D-4B59-9663-7A9E4AF35313}.Debug|Any CPU.Build.0 = Debug|Any CPU
		{B685C17C-753D-4B59-9663-7A9E4AF35313}.Release|Any CPU.ActiveCfg = Release|Any CPU
		{B685C17C-753D-4B59-9663-7A9E4AF35313}.Release|Any CPU.Build.0 = Release|Any CPU
		{A3685D8A-6B0C-44C9-A1E7-D35578B9833B}.Debug|Any CPU.ActiveCfg = Debug|Any CPU
		{A3685D8A-6B0C-44C9-A1E7-D35578B9833B}.Debug|Any CPU.Build.0 = Debug|Any CPU
		{A3685D8A-6B0C-44C9-A1E7-D35578B9833B}.Release|Any CPU.ActiveCfg = Release|Any CPU
		{A3685D8A-6B0C-44C9-A1E7-D35578B9833B}.Release|Any CPU.Build.0 = Release|Any CPU
		{FC341959-97CB-4263-BECA-60C6472C87F7}.Debug|Any CPU.ActiveCfg = Debug|Any CPU
		{FC341959-97CB-4263-BECA-60C6472C87F7}.Debug|Any CPU.Build.0 = Debug|Any CPU
		{FC341959-97CB-4263-BECA-60C6472C87F7}.Release|Any CPU.ActiveCfg = Release|Any CPU
		{FC341959-97CB-4263-BECA-60C6472C87F7}.Release|Any CPU.Build.0 = Release|Any CPU
		{7A7BB626-70BD-4A18-8B0C-F68D58E56725}.Debug|Any CPU.ActiveCfg = Debug|Any CPU
		{7A7BB626-70BD-4A18-8B0C-F68D58E56725}.Debug|Any CPU.Build.0 = Debug|Any CPU
		{7A7BB626-70BD-4A18-8B0C-F68D58E56725}.Release|Any CPU.ActiveCfg = Release|Any CPU
		{7A7BB626-70BD-4A18-8B0C-F68D58E56725}.Release|Any CPU.Build.0 = Release|Any CPU
		{CCB61CE5-E4F9-419B-843D-16F4F90DB26D}.Debug|Any CPU.ActiveCfg = Debug|Any CPU
		{CCB61CE5-E4F9-419B-843D-16F4F90DB26D}.Debug|Any CPU.Build.0 = Debug|Any CPU
		{CCB61CE5-E4F9-419B-843D-16F4F90DB26D}.Release|Any CPU.ActiveCfg = Release|Any CPU
		{CCB61CE5-E4F9-419B-843D-16F4F90DB26D}.Release|Any CPU.Build.0 = Release|Any CPU
		{1FEF6C5E-8553-4F62-8687-7A1927801A62}.Debug|Any CPU.ActiveCfg = Debug|Any CPU
		{1FEF6C5E-8553-4F62-8687-7A1927801A62}.Debug|Any CPU.Build.0 = Debug|Any CPU
		{1FEF6C5E-8553-4F62-8687-7A1927801A62}.Release|Any CPU.ActiveCfg = Release|Any CPU
		{1FEF6C5E-8553-4F62-8687-7A1927801A62}.Release|Any CPU.Build.0 = Release|Any CPU
	EndGlobalSection
	GlobalSection(SolutionProperties) = preSolution
		HideSolutionNode = FALSE
	EndGlobalSection
	GlobalSection(NestedProjects) = preSolution
		{D12B3666-EEDA-4494-9F36-4ABE7CD109B3} = {855938D2-A677-434C-942B-572E471D9B74}
		{87AA6641-F329-411F-A211-F3AE8138AD42} = {E9CF3830-071B-45AF-95B9-269323BA4232}
		{A9D00E10-1C8C-42C4-93F9-DBC59153F866} = {E9CF3830-071B-45AF-95B9-269323BA4232}
		{8B07182D-0543-4843-A651-2D0748055FE1} = {CF2C6BFD-F98B-437E-A3F4-4D9E1B2A8E7A}
		{B685C17C-753D-4B59-9663-7A9E4AF35313} = {841FD8AF-1C93-4294-A4F3-BC1770CC89C3}
		{A3685D8A-6B0C-44C9-A1E7-D35578B9833B} = {841FD8AF-1C93-4294-A4F3-BC1770CC89C3}
		{FC341959-97CB-4263-BECA-60C6472C87F7} = {841FD8AF-1C93-4294-A4F3-BC1770CC89C3}
		{7A7BB626-70BD-4A18-8B0C-F68D58E56725} = {8479ACC0-7836-48F3-A17A-0925FCA652A2}
		{CCB61CE5-E4F9-419B-843D-16F4F90DB26D} = {8479ACC0-7836-48F3-A17A-0925FCA652A2}
		{1FEF6C5E-8553-4F62-8687-7A1927801A62} = {8479ACC0-7836-48F3-A17A-0925FCA652A2}
	EndGlobalSection
	GlobalSection(TeamFoundationVersionControl) = preSolution
		SccNumberOfProjects = 11
		SccEnterpriseProvider = {4CA58AB2-18FA-4F8D-95D4-32DDF27D184C}
		SccTeamFoundationServer = https://logiticks.visualstudio.com/defaultcollection
		SccLocalPath0 = .
		SccProjectUniqueName1 = TM.Trumedicine.Entities\\TM.Trumedicine.Entities.csproj
		SccProjectTopLevelParentUniqueName1 = TM.Trumedicine.sln
		SccProjectName1 = TM.Trumedicine.Entities
		SccLocalPath1 = TM.Trumedicine.Entities
		SccProjectUniqueName2 = TM.Trumedicine.Infrastructure\\TM.Trumedicine.Infrastructure.csproj
		SccProjectTopLevelParentUniqueName2 = TM.Trumedicine.sln
		SccProjectName2 = TM.Trumedicine.Infrastructure
		SccLocalPath2 = TM.Trumedicine.Infrastructure
		SccProjectUniqueName3 = TM.Trumedicine.Core\\TM.Trumedicine.Core.csproj
		SccProjectTopLevelParentUniqueName3 = TM.Trumedicine.sln
		SccProjectName3 = TM.Trumedicine.Core
		SccLocalPath3 = TM.Trumedicine.Core
		SccProjectUniqueName4 = TM.Trumedicine.Data\\TM.Trumedicine.Data.csproj
		SccProjectTopLevelParentUniqueName4 = TM.Trumedicine.sln
		SccProjectName4 = TM.Trumedicine.Data
		SccLocalPath4 = TM.Trumedicine.Data
		SccProjectUniqueName5 = TM.Trumedicine.Services\\TM.Trumedicine.Services.csproj
		SccProjectTopLevelParentUniqueName5 = TM.Trumedicine.sln
		SccProjectName5 = TM.Trumedicine.Services
		SccLocalPath5 = TM.Trumedicine.Services
		SccProjectUniqueName6 = TM.Trumedicine.ViewModels\\TM.Trumedicine.ViewModels.csproj
		SccProjectTopLevelParentUniqueName6 = TM.Trumedicine.sln
		SccProjectName6 = TM.Trumedicine.ViewModels
		SccLocalPath6 = TM.Trumedicine.ViewModels
		SccProjectUniqueName7 = TM.Trumedicine.Api\\TM.Trumedicine.Api.csproj
		SccProjectTopLevelParentUniqueName7 = TM.Trumedicine.sln
		SccProjectName7 = TM.Trumedicine.Api
		SccLocalPath7 = TM.Trumedicine.Api
		SccProjectUniqueName8 = OpenCVImageMatch\\OpenCVImageMatch\\OpenCVImageMatch.csproj
		SccProjectTopLevelParentUniqueName8 = TM.Trumedicine.sln
		SccProjectName8 = OpenCVImageMatch/OpenCVImageMatch
		SccLocalPath8 = OpenCVImageMatch\\OpenCVImageMatch
		SccProjectUniqueName9 = OpenCVImageMatch\\ImageMatchHost\\ImageMatchHost.csproj
		SccProjectTopLevelParentUniqueName9 = TM.Trumedicine.sln
		SccProjectName9 = OpenCVImageMatch/ImageMatchHost
		SccLocalPath9 = OpenCVImageMatch\\ImageMatchHost
		SccProjectUniqueName10 = OpenCVImageMatch\\TestConsoleApp\\TestConsoleApp.csproj
		SccProjectTopLevelParentUniqueName10 = TM.Trumedicine.sln
		SccProjectName10 = OpenCVImageMatch/TestConsoleApp
		SccLocalPath10 = OpenCVImageMatch\\TestConsoleApp
	EndGlobalSection
EndGlobal
